
Microsoft Visual Studio Solution File, Format Version 12.00
Project("{2150E333-8FDC-42A3-9474-1A3956D46DE8}") = "OrdersService", "OrdersService", "{E7F1C326-5981-48E6-9009-6FD27737536B}"
EndProject
Project("{FAE04EC0-301F-11D3-BF4B-00C04F79EFBC}") = "OrdersService.Api", "OrdersService.Api\OrdersService.Api.csproj", "{3468E958-0230-496A-BAAB-4309CE11F119}"
EndProject
Project("{FAE04EC0-301F-11D3-BF4B-00C04F79EFBC}") = "OrdersService.Domain", "OrdersService.Domain\OrdersService.Domain.csproj", "{2B5455C9-D11A-4D3C-83B8-B6A6F0811E30}"
EndProject
Project("{FAE04EC0-301F-11D3-BF4B-00C04F79EFBC}") = "OrdersService.Infrastructure", "OrdersService.Infrastructure\OrdersService.Infrastructure.csproj", "{E01991CC-EAD5-45E4-BC87-36DF062F5EB6}"
EndProject
Project("{2150E333-8FDC-42A3-9474-1A3956D46DE8}") = "PaymentsService", "PaymentsService", "{9EE29E3F-78E0-4982-9B65-18F7E31E8047}"
EndProject
Project("{FAE04EC0-301F-11D3-BF4B-00C04F79EFBC}") = "PaymentsService.Api", "PaymentsService.Api\PaymentsService.Api.csproj", "{F34BDF35-868A-42BF-B603-F9FFC0B657C9}"
EndProject
Project("{FAE04EC0-301F-11D3-BF4B-00C04F79EFBC}") = "PaymentsService.Domain", "PaymentsService.Domain\PaymentsService.Domain.csproj", "{F92C3E28-5E05-43F6-9C04-2F9FC8250793}"
EndProject
Project("{FAE04EC0-301F-11D3-BF4B-00C04F79EFBC}") = "PaymentsService.Infrastructure", "PaymentsService.Infrastructure\PaymentsService.Infrastructure.csproj", "{DF193A33-2C13-4D91-84EB-5C164A82200E}"
EndProject
Project("{2150E333-8FDC-42A3-9474-1A3956D46DE8}") = "Common.Messages", "Common.Messages", "{FB6AD8B2-EB14-4760-865C-AC2B7CC05AC9}"
EndProject
Project("{FAE04EC0-301F-11D3-BF4B-00C04F79EFBC}") = "Common.Messages", "Common.Messages\Common.Messages.csproj", "{211B8EE6-4A6B-4AA6-8B8C-D4FF403AD0C6}"
EndProject
Project("{2150E333-8FDC-42A3-9474-1A3956D46DE8}") = "ApiGateway", "ApiGateway", "{130C525A-939A-42E3-A89E-C899B1E2CA4E}"
EndProject
Project("{FAE04EC0-301F-11D3-BF4B-00C04F79EFBC}") = "ApiGateway", "ApiGateway\ApiGateway.csproj", "{B1A90D24-383C-412C-ADA7-531AB0829958}"
EndProject
Global
	GlobalSection(SolutionConfigurationPlatforms) = preSolution
		Debug|Any CPU = Debug|Any CPU
		Release|Any CPU = Release|Any CPU
	EndGlobalSection
	GlobalSection(ProjectConfigurationPlatforms) = postSolution
		{3468E958-0230-496A-BAAB-4309CE11F119}.Debug|Any CPU.ActiveCfg = Debug|Any CPU
		{3468E958-0230-496A-BAAB-4309CE11F119}.Debug|Any CPU.Build.0 = Debug|Any CPU
		{3468E958-0230-496A-BAAB-4309CE11F119}.Release|Any CPU.ActiveCfg = Release|Any CPU
		{3468E958-0230-496A-BAAB-4309CE11F119}.Release|Any CPU.Build.0 = Release|Any CPU
		{2B5455C9-D11A-4D3C-83B8-B6A6F0811E30}.Debug|Any CPU.ActiveCfg = Debug|Any CPU
		{2B5455C9-D11A-4D3C-83B8-B6A6F0811E30}.Debug|Any CPU.Build.0 = Debug|Any CPU
		{2B5455C9-D11A-4D3C-83B8-B6A6F0811E30}.Release|Any CPU.ActiveCfg = Release|Any CPU
		{2B5455C9-D11A-4D3C-83B8-B6A6F0811E30}.Release|Any CPU.Build.0 = Release|Any CPU
		{E01991CC-EAD5-45E4-BC87-36DF062F5EB6}.Debug|Any CPU.ActiveCfg = Debug|Any CPU
		{E01991CC-EAD5-45E4-BC87-36DF062F5EB6}.Debug|Any CPU.Build.0 = Debug|Any CPU
		{E01991CC-EAD5-45E4-BC87-36DF062F5EB6}.Release|Any CPU.ActiveCfg = Release|Any CPU
		{E01991CC-EAD5-45E4-BC87-36DF062F5EB6}.Release|Any CPU.Build.0 = Release|Any CPU
		{F34BDF35-868A-42BF-B603-F9FFC0B657C9}.Debug|Any CPU.ActiveCfg = Debug|Any CPU
		{F34BDF35-868A-42BF-B603-F9FFC0B657C9}.Debug|Any CPU.Build.0 = Debug|Any CPU
		{F34BDF35-868A-42BF-B603-F9FFC0B657C9}.Release|Any CPU.ActiveCfg = Release|Any CPU
		{F34BDF35-868A-42BF-B603-F9FFC0B657C9}.Release|Any CPU.Build.0 = Release|Any CPU
		{F92C3E28-5E05-43F6-9C04-2F9FC8250793}.Debug|Any CPU.ActiveCfg = Debug|Any CPU
		{F92C3E28-5E05-43F6-9C04-2F9FC8250793}.Debug|Any CPU.Build.0 = Debug|Any CPU
		{F92C3E28-5E05-43F6-9C04-2F9FC8250793}.Release|Any CPU.ActiveCfg = Release|Any CPU
		{F92C3E28-5E05-43F6-9C04-2F9FC8250793}.Release|Any CPU.Build.0 = Release|Any CPU
		{DF193A33-2C13-4D91-84EB-5C164A82200E}.Debug|Any CPU.ActiveCfg = Debug|Any CPU
		{DF193A33-2C13-4D91-84EB-5C164A82200E}.Debug|Any CPU.Build.0 = Debug|Any CPU
		{DF193A33-2C13-4D91-84EB-5C164A82200E}.Release|Any CPU.ActiveCfg = Release|Any CPU
		{DF193A33-2C13-4D91-84EB-5C164A82200E}.Release|Any CPU.Build.0 = Release|Any CPU
		{211B8EE6-4A6B-4AA6-8B8C-D4FF403AD0C6}.Debug|Any CPU.ActiveCfg = Debug|Any CPU
		{211B8EE6-4A6B-4AA6-8B8C-D4FF403AD0C6}.Debug|Any CPU.Build.0 = Debug|Any CPU
		{211B8EE6-4A6B-4AA6-8B8C-D4FF403AD0C6}.Release|Any CPU.ActiveCfg = Release|Any CPU
		{211B8EE6-4A6B-4AA6-8B8C-D4FF403AD0C6}.Release|Any CPU.Build.0 = Release|Any CPU
		{B1A90D24-383C-412C-ADA7-531AB0829958}.Debug|Any CPU.ActiveCfg = Debug|Any CPU
		{B1A90D24-383C-412C-ADA7-531AB0829958}.Debug|Any CPU.Build.0 = Debug|Any CPU
		{B1A90D24-383C-412C-ADA7-531AB0829958}.Release|Any CPU.ActiveCfg = Release|Any CPU
		{B1A90D24-383C-412C-ADA7-531AB0829958}.Release|Any CPU.Build.0 = Release|Any CPU
	EndGlobalSection
	GlobalSection(NestedProjects) = preSolution
		{3468E958-0230-496A-BAAB-4309CE11F119} = {E7F1C326-5981-48E6-9009-6FD27737536B}
		{2B5455C9-D11A-4D3C-83B8-B6A6F0811E30} = {E7F1C326-5981-48E6-9009-6FD27737536B}
		{E01991CC-EAD5-45E4-BC87-36DF062F5EB6} = {E7F1C326-5981-48E6-9009-6FD27737536B}
		{F34BDF35-868A-42BF-B603-F9FFC0B657C9} = {9EE29E3F-78E0-4982-9B65-18F7E31E8047}
		{F92C3E28-5E05-43F6-9C04-2F9FC8250793} = {9EE29E3F-78E0-4982-9B65-18F7E31E8047}
		{DF193A33-2C13-4D91-84EB-5C164A82200E} = {9EE29E3F-78E0-4982-9B65-18F7E31E8047}
		{211B8EE6-4A6B-4AA6-8B8C-D4FF403AD0C6} = {FB6AD8B2-EB14-4760-865C-AC2B7CC05AC9}
		{B1A90D24-383C-412C-ADA7-531AB0829958} = {130C525A-939A-42E3-A89E-C899B1E2CA4E}
	EndGlobalSection
EndGlobal
